
Microsoft Visual Studio Solution File, Format Version 12.00
# Visual Studio Version 16
VisualStudioVersion = 16.0.30611.23
MinimumVisualStudioVersion = 10.0.40219.1
Project("{FAE04EC0-301F-11D3-BF4B-00C04F79EFBC}") = "hesap_makinesi", "hesap_makinesi\hesap_makinesi.csproj", "{78B2CA9B-E10C-456B-9CF1-7EDF2C4BCB7C}"
EndProject
Global
	GlobalSection(SolutionConfigurationPlatforms) = preSolution
		Debug|Any CPU = Debug|Any CPU
		Release|Any CPU = Release|Any CPU
	EndGlobalSection
	GlobalSection(ProjectConfigurationPlatforms) = postSolution
		{78B2CA9B-E10C-456B-9CF1-7EDF2C4BCB7C}.Debug|Any CPU.ActiveCfg = Debug|Any CPU
		{78B2CA9B-E10C-456B-9CF1-7EDF2C4BCB7C}.Debug|Any CPU.Build.0 = Debug|Any CPU
		{78B2CA9B-E10C-456B-9CF1-7EDF2C4BCB7C}.Release|Any CPU.ActiveCfg = Release|Any CPU
		{78B2CA9B-E10C-456B-9CF1-7EDF2C4BCB7C}.Release|Any CPU.Build.0 = Release|Any CPU
	EndGlobalSection
	GlobalSection(SolutionProperties) = preSolution
		HideSolutionNode = FALSE
	EndGlobalSection
	GlobalSection(ExtensibilityGlobals) = postSolution
		SolutionGuid = {4D583DCC-EBEB-4291-AC8A-A652670D3EAA}
	EndGlobalSection
EndGlobal
